
Microsoft Visual Studio Solution File, Format Version 12.00
# Visual Studio 15
VisualStudioVersion = 15.0.27428.2011
MinimumVisualStudioVersion = 10.0.40219.1
Project("{FAE04EC0-301F-11D3-BF4B-00C04F79EFBC}") = "RemoteControl", "RemoteControl\RemoteControl.csproj", "{14BADB9A-65C8-4E33-8264-816772B9ACAE}"
EndProject
Global
	GlobalSection(SolutionConfigurationPlatforms) = preSolution
		Debug|Any CPU = Debug|Any CPU
		Release|Any CPU = Release|Any CPU
	EndGlobalSection
	GlobalSection(ProjectConfigurationPlatforms) = postSolution
		{14BADB9A-65C8-4E33-8264-816772B9ACAE}.Debug|Any CPU.ActiveCfg = Debug|Any CPU
		{14BADB9A-65C8-4E33-8264-816772B9ACAE}.Debug|Any CPU.Build.0 = Debug|Any CPU
		{14BADB9A-65C8-4E33-8264-816772B9ACAE}.Release|Any CPU.ActiveCfg = Release|Any CPU
		{14BADB9A-65C8-4E33-8264-816772B9ACAE}.Release|Any CPU.Build.0 = Release|Any CPU
	EndGlobalSection
	GlobalSection(SolutionProperties) = preSolution
		HideSolutionNode = FALSE
	EndGlobalSection
	GlobalSection(ExtensibilityGlobals) = postSolution
		SolutionGuid = {3337B9D1-41EC-488B-B6D3-4B9C797F99CA}
	EndGlobalSection
EndGlobal
